// !$*UTF8*$!
{
	archiveVersion = 1;
	classes = {
	};
	objectVersion = 46;
	objects = {

/* Begin PBXBuildFile section */
		AC1450571E5D969E00F3B9C7 /* AppDelegate.swift in Sources */ = {isa = PBXBuildFile; fileRef = AC1450561E5D969E00F3B9C7 /* AppDelegate.swift */; };
		AC1450591E5D969E00F3B9C7 /* ViewController.swift in Sources */ = {isa = PBXBuildFile; fileRef = AC1450581E5D969E00F3B9C7 /* ViewController.swift */; };
		AC14505C1E5D969E00F3B9C7 /* Main.storyboard in Resources */ = {isa = PBXBuildFile; fileRef = AC14505A1E5D969E00F3B9C7 /* Main.storyboard */; };
		AC14505F1E5D969E00F3B9C7 /* Game.xcdatamodeld in Sources */ = {isa = PBXBuildFile; fileRef = AC14505D1E5D969E00F3B9C7 /* Game.xcdatamodeld */; };
		AC1450611E5D969E00F3B9C7 /* Assets.xcassets in Resources */ = {isa = PBXBuildFile; fileRef = AC1450601E5D969E00F3B9C7 /* Assets.xcassets */; };
		AC1450641E5D969E00F3B9C7 /* LaunchScreen.storyboard in Resources */ = {isa = PBXBuildFile; fileRef = AC1450621E5D969E00F3B9C7 /* LaunchScreen.storyboard */; };
		AC169E541E609BB4007B7A90 /* pokemon.csv in Resources */ = {isa = PBXBuildFile; fileRef = AC169E531E609BB4007B7A90 /* pokemon.csv */; };
/* End PBXBuildFile section */

/* Begin PBXFileReference section */
		AC1450531E5D969E00F3B9C7 /* Game.app */ = {isa = PBXFileReference; explicitFileType = wrapper.application; includeInIndex = 0; path = Game.app; sourceTree = BUILT_PRODUCTS_DIR; };
		AC1450561E5D969E00F3B9C7 /* AppDelegate.swift */ = {isa = PBXFileReference; lastKnownFileType = sourcecode.swift; path = AppDelegate.swift; sourceTree = "<group>"; };
		AC1450581E5D969E00F3B9C7 /* ViewController.swift */ = {isa = PBXFileReference; lastKnownFileType = sourcecode.swift; path = ViewController.swift; sourceTree = "<group>"; };
		AC14505B1E5D969E00F3B9C7 /* Base */ = {isa = PBXFileReference; lastKnownFileType = file.storyboard; name = Base; path = Base.lproj/Main.storyboard; sourceTree = "<group>"; };
		AC14505E1E5D969E00F3B9C7 /* Game.xcdatamodel */ = {isa = PBXFileReference; lastKnownFileType = wrapper.xcdatamodel; path = Game.xcdatamodel; sourceTree = "<group>"; };
		AC1450601E5D969E00F3B9C7 /* Assets.xcassets */ = {isa = PBXFileReference; lastKnownFileType = folder.assetcatalog; path = Assets.xcassets; sourceTree = "<group>"; };
		AC1450631E5D969E00F3B9C7 /* Base */ = {isa = PBXFileReference; lastKnownFileType = file.storyboard; name = Base; path = Base.lproj/LaunchScreen.storyboard; sourceTree = "<group>"; };
		AC1450651E5D969E00F3B9C7 /* Info.plist */ = {isa = PBXFileReference; lastKnownFileType = text.plist.xml; path = Info.plist; sourceTree = "<group>"; };
		AC169E531E609BB4007B7A90 /* pokemon.csv */ = {isa = PBXFileReference; fileEncoding = 4; lastKnownFileType = text; path = pokemon.csv; sourceTree = "<group>"; };
/* End PBXFileReference section */

/* Begin PBXFrameworksBuildPhase section */
		AC1450501E5D969D00F3B9C7 /* Frameworks */ = {
			isa = PBXFrameworksBuildPhase;
			buildActionMask = 2147483647;
			files = (
			);
			runOnlyForDeploymentPostprocessing = 0;
		};
/* End PBXFrameworksBuildPhase section */

/* Begin PBXGroup section */
		AC14504A1E5D969D00F3B9C7 = {
			isa = PBXGroup;
			children = (
				AC1450551E5D969E00F3B9C7 /* Game */,
				AC1450541E5D969E00F3B9C7 /* Products */,
			);
			sourceTree = "<group>";
		};
		AC1450541E5D969E00F3B9C7 /* Products */ = {
			isa = PBXGroup;
			children = (
				AC1450531E5D969E00F3B9C7 /* Game.app */,
			);
			name = Products;
			sourceTree = "<group>";
		};
		AC1450551E5D969E00F3B9C7 /* Game */ = {
			isa = PBXGroup;
			children = (
				AC169E531E609BB4007B7A90 /* pokemon.csv */,
				AC1450561E5D969E00F3B9C7 /* AppDelegate.swift */,
				AC1450581E5D969E00F3B9C7 /* ViewController.swift */,
				AC14505A1E5D969E00F3B9C7 /* Main.storyboard */,
				AC1450601E5D969E00F3B9C7 /* Assets.xcassets */,
				AC1450621E5D969E00F3B9C7 /* LaunchScreen.storyboard */,
				AC1450651E5D969E00F3B9C7 /* Info.plist */,
				AC14505D1E5D969E00F3B9C7 /* Game.xcdatamodeld */,
			);
			path = Game;
			sourceTree = "<group>";
		};
/* End PBXGroup section */

/* Begin PBXNativeTarget section */
		AC1450521E5D969D00F3B9C7 /* Game */ = {
			isa = PBXNativeTarget;
			buildConfigurationList = AC1450681E5D969E00F3B9C7 /* Build configuration list for PBXNativeTarget "Game" */;
			buildPhases = (
				AC14504F1E5D969D00F3B9C7 /* Sources */,
				AC1450501E5D969D00F3B9C7 /* Frameworks */,
				AC1450511E5D969D00F3B9C7 /* Resources */,
			);
			buildRules = (
			);
			dependencies = (
			);
			name = Game;
			productName = Game;
			productReference = AC1450531E5D969E00F3B9C7 /* Game.app */;
			productType = "com.apple.product-type.application";
		};
/* End PBXNativeTarget section */

/* Begin PBXProject section */
		AC14504B1E5D969D00F3B9C7 /* Project object */ = {
			isa = PBXProject;
			attributes = {
				LastSwiftUpdateCheck = 0820;
				LastUpgradeCheck = 0820;
				ORGANIZATIONNAME = Ajith;
				TargetAttributes = {
					AC1450521E5D969D00F3B9C7 = {
						CreatedOnToolsVersion = 8.2;
						DevelopmentTeam = G8A7SULEH2;
						ProvisioningStyle = Automatic;
					};
				};
			};
			buildConfigurationList = AC14504E1E5D969D00F3B9C7 /* Build configuration list for PBXProject "Game" */;
			compatibilityVersion = "Xcode 3.2";
			developmentRegion = English;
			hasScannedForEncodings = 0;
			knownRegions = (
				en,
				Base,
			);
			mainGroup = AC14504A1E5D969D00F3B9C7;
			productRefGroup = AC1450541E5D969E00F3B9C7 /* Products */;
			projectDirPath = "";
			projectRoot = "";
			targets = (
				AC1450521E5D969D00F3B9C7 /* Game */,
			);
		};
/* End PBXProject section */

/* Begin PBXResourcesBuildPhase section */
		AC1450511E5D969D00F3B9C7 /* Resources */ = {
			isa = PBXResourcesBuildPhase;
			buildActionMask = 2147483647;
			files = (
				AC1450641E5D969E00F3B9C7 /* LaunchScreen.storyboard in Resources */,
				AC1450611E5D969E00F3B9C7 /* Assets.xcassets in Resources */,
				AC169E541E609BB4007B7A90 /* pokemon.csv in Resources */,
				AC14505C1E5D969E00F3B9C7 /* Main.storyboard in Resources */,
			);
			runOnlyForDeploymentPostprocessing = 0;
		};
/* End PBXResourcesBuildPhase section */

/* Begin PBXSourcesBuildPhase section */
		AC14504F1E5D969D00F3B9C7 /* Sources */ = {
			isa = PBXSourcesBuildPhase;
			buildActionMask = 2147483647;
			files = (
				AC1450591E5D969E00F3B9C7 /* ViewController.swift in Sources */,
				AC14505F1E5D969E00F3B9C7 /* Game.xcdatamodeld in Sources */,
				AC1450571E5D969E00F3B9C7 /* AppDelegate.swift in Sources */,
			);
			runOnlyForDeploymentPostprocessing = 0;
		};
/* End PBXSourcesBuildPhase section */

/* Begin PBXVariantGroup section */
		AC14505A1E5D969E00F3B9C7 /* Main.storyboard */ = {
			isa = PBXVariantGroup;
			children = (
				AC14505B1E5D969E00F3B9C7 /* Base */,
			);
			name = Main.storyboard;
			sourceTree = "<group>";
		};
		AC1450621E5D969E00F3B9C7 /* LaunchScreen.storyboard */ = {
			isa = PBXVariantGroup;
			children = (
				AC1450631E5D969E00F3B9C7 /* Base */,
			);
			name = LaunchScreen.storyboard;
			sourceTree = "<group>";
		};
/* End PBXVariantGroup section */

/* Begin XCBuildConfiguration section */
		AC1450661E5D969E00F3B9C7 /* Debug */ = {
			isa = XCBuildConfiguration;
			buildSettings = {
				ALWAYS_SEARCH_USER_PATHS = NO;
				CLANG_ANALYZER_NONNULL = YES;
				CLANG_CXX_LANGUAGE_STANDARD = "gnu++0x";
				CLANG_CXX_LIBRARY = "libc++";
				CLANG_ENABLE_MODULES = YES;
				CLANG_ENABLE_OBJC_ARC = YES;
				CLANG_WARN_BOOL_CONVERSION = YES;
				CLANG_WARN_CONSTANT_CONVERSION = YES;
				CLANG_WARN_DIRECT_OBJC_ISA_USAGE = YES_ERROR;
				CLANG_WARN_DOCUMENTATION_COMMENTS = YES;
				CLANG_WARN_EMPTY_BODY = YES;
				CLANG_WARN_ENUM_CONVERSION = YES;
				CLANG_WARN_INFINITE_RECURSION = YES;
				CLANG_WARN_INT_CONVERSION = YES;
				CLANG_WARN_OBJC_ROOT_CLASS = YES_ERROR;
				CLANG_WARN_SUSPICIOUS_MOVE = YES;
				CLANG_WARN_UNREACHABLE_CODE = YES;
				CLANG_WARN__DUPLICATE_METHOD_MATCH = YES;
				"CODE_SIGN_IDENTITY[sdk=iphoneos*]" = "iPhone Developer";
				COPY_PHASE_STRIP = NO;
				DEBUG_INFORMATION_FORMAT = dwarf;
				ENABLE_STRICT_OBJC_MSGSEND = YES;
				ENABLE_TESTABILITY = YES;
				GCC_C_LANGUAGE_STANDARD = gnu99;
				GCC_DYNAMIC_NO_PIC = NO;
				GCC_NO_COMMON_BLOCKS = YES;
				GCC_OPTIMIZATION_LEVEL = 0;
				GCC_PREPROCESSOR_DEFINITIONS = (
					"DEBUG=1",
					"$(inherited)",
				);
				GCC_WARN_64_TO_32_BIT_CONVERSION = YES;
				GCC_WARN_ABOUT_RETURN_TYPE = YES_ERROR;
				GCC_WARN_UNDECLARED_SELECTOR = YES;
				GCC_WARN_UNINITIALIZED_AUTOS = YES_AGGRESSIVE;
				GCC_WARN_UNUSED_FUNCTION = YES;
				GCC_WARN_UNUSED_VARIABLE = YES;
				IPHONEOS_DEPLOYMENT_TARGET = 10.2;
				MTL_ENABLE_DEBUG_INFO = YES;
				ONLY_ACTIVE_ARCH = YES;
				SDKROOT = iphoneos;
				SWIFT_ACTIVE_COMPILATION_CONDITIONS = DEBUG;
				SWIFT_OPTIMIZATION_LEVEL = "-Onone";
			};
			name = Debug;
		};
		AC1450671E5D969E00F3B9C7 /* Release */ = {
			isa = XCBuildConfiguration;
			buildSettings = {
				ALWAYS_SEARCH_USER_PATHS = NO;
				CLANG_ANALYZER_NONNULL = YES;
				CLANG_CXX_LANGUAGE_STANDARD = "gnu++0x";
				CLANG_CXX_LIBRARY = "libc++";
				CLANG_ENABLE_MODULES = YES;
				CLANG_ENABLE_OBJC_ARC = YES;
				CLANG_WARN_BOOL_CONVERSION = YES;
				CLANG_WARN_CONSTANT_CONVERSION = YES;
				CLANG_WARN_DIRECT_OBJC_ISA_USAGE = YES_ERROR;
				CLANG_WARN_DOCUMENTATION_COMMENTS = YES;
				CLANG_WARN_EMPTY_BODY = YES;
				CLANG_WARN_ENUM_CONVERSION = YES;
				CLANG_WARN_INFINITE_RECURSION = YES;
				CLANG_WARN_INT_CONVERSION = YES;
				CLANG_WARN_OBJC_ROOT_CLASS = YES_ERROR;
				CLANG_WARN_SUSPICIOUS_MOVE = YES;
				CLANG_WARN_UNREACHABLE_CODE = YES;
				CLANG_WARN__DUPLICATE_METHOD_MATCH = YES;
				"CODE_SIGN_IDENTITY[sdk=iphoneos*]" = "iPhone Developer";
				COPY_PHASE_STRIP = NO;
				DEBUG_INFORMATION_FORMAT = "dwarf-with-dsym";
				ENABLE_NS_ASSERTIONS = NO;
				ENABLE_STRICT_OBJC_MSGSEND = YES;
				GCC_C_LANGUAGE_STANDARD = gnu99;
				GCC_NO_COMMON_BLOCKS = YES;
				GCC_WARN_64_TO_32_BIT_CONVERSION = YES;
				GCC_WARN_ABOUT_RETURN_TYPE = YES_ERROR;
				GCC_WARN_UNDECLARED_SELECTOR = YES;
				GCC_WARN_UNINITIALIZED_AUTOS = YES_AGGRESSIVE;
				GCC_WARN_UNUSED_FUNCTION = YES;
				GCC_WARN_UNUSED_VARIABLE = YES;
				IPHONEOS_DEPLOYMENT_TARGET = 10.2;
				MTL_ENABLE_DEBUG_INFO = NO;
				SDKROOT = iphoneos;
				SWIFT_OPTIMIZATION_LEVEL = "-Owholemodule";
				VALIDATE_PRODUCT = YES;
			};
			name = Release;
		};
		AC1450691E5D969E00F3B9C7 /* Debug */ = {
			isa = XCBuildConfiguration;
			buildSettings = {
				ASSETCATALOG_COMPILER_APPICON_NAME = AppIcon;
				DEVELOPMENT_TEAM = G8A7SULEH2;
				INFOPLIST_FILE = Game/Info.plist;
				LD_RUNPATH_SEARCH_PATHS = "$(inherited) @executable_path/Frameworks";
				PRODUCT_BUNDLE_IDENTIFIER = Xtron.Game;
				PRODUCT_NAME = "$(TARGET_NAME)";
				SWIFT_VERSION = 3.0;
			};
			name = Debug;
		};
		AC14506A1E5D969E00F3B9C7 /* Release */ = {
			isa = XCBuildConfiguration;
			buildSettings = {
				ASSETCATALOG_COMPILER_APPICON_NAME = AppIcon;
				DEVELOPMENT_TEAM = G8A7SULEH2;
				INFOPLIST_FILE = Game/Info.plist;
				LD_RUNPATH_SEARCH_PATHS = "$(inherited) @executable_path/Frameworks";
				PRODUCT_BUNDLE_IDENTIFIER = Xtron.Game;
				PRODUCT_NAME = "$(TARGET_NAME)";
				SWIFT_VERSION = 3.0;
			};
			name = Release;
		};
/* End XCBuildConfiguration section */

/* Begin XCConfigurationList section */
		AC14504E1E5D969D00F3B9C7 /* Build configuration list for PBXProject "Game" */ = {
			isa = XCConfigurationList;
			buildConfigurations = (
				AC1450661E5D969E00F3B9C7 /* Debug */,
				AC1450671E5D969E00F3B9C7 /* Release */,
			);
			defaultConfigurationIsVisible = 0;
			defaultConfigurationName = Release;
		};
		AC1450681E5D969E00F3B9C7 /* Build configuration list for PBXNativeTarget "Game" */ = {
			isa = XCConfigurationList;
			buildConfigurations = (
				AC1450691E5D969E00F3B9C7 /* Debug */,
				AC14506A1E5D969E00F3B9C7 /* Release */,
			);
			defaultConfigurationIsVisible = 0;
			defaultConfigurationName = Release;
		};
/* End XCConfigurationList section */

/* Begin XCVersionGroup section */
		AC14505D1E5D969E00F3B9C7 /* Game.xcdatamodeld */ = {
			isa = XCVersionGroup;
			children = (
				AC14505E1E5D969E00F3B9C7 /* Game.xcdatamodel */,
			);
			currentVersion = AC14505E1E5D969E00F3B9C7 /* Game.xcdatamodel */;
			path = Game.xcdatamodeld;
			sourceTree = "<group>";
			versionGroupType = wrapper.xcdatamodel;
		};
/* End XCVersionGroup section */
	};
	rootObject = AC14504B1E5D969D00F3B9C7 /* Project object */;
}
